
Microsoft Visual Studio Solution File, Format Version 12.00
# Visual Studio Version 17
VisualStudioVersion = 17.0.31903.59
MinimumVisualStudioVersion = 10.0.40219.1
Project("{FAE04EC0-301F-11D3-BF4B-00C04F79EFBC}") = "Domain", "Domain\Domain.csproj", "{83E02958-3AA2-4894-A9A6-3EE26817F65C}"
EndProject
Project("{FAE04EC0-301F-11D3-BF4B-00C04F79EFBC}") = "Infrastructure", "Infrastructure\Infrastructure.csproj", "{B7BC96C1-4F81-4AEA-A9F8-1539BD4BA00F}"
EndProject
Project("{FAE04EC0-301F-11D3-BF4B-00C04F79EFBC}") = "Service", "Service\Service.csproj", "{BF866CF3-E40B-43A8-970A-46F53CBAE151}"
EndProject
Project("{FAE04EC0-301F-11D3-BF4B-00C04F79EFBC}") = "Api", "Api\Api.csproj", "{0561D8B7-05A9-4D8C-8A1C-A37E26DD360B}"
EndProject
Global
	GlobalSection(SolutionConfigurationPlatforms) = preSolution
		Debug|Any CPU = Debug|Any CPU
		Release|Any CPU = Release|Any CPU
	EndGlobalSection
	GlobalSection(SolutionProperties) = preSolution
		HideSolutionNode = FALSE
	EndGlobalSection
	GlobalSection(ProjectConfigurationPlatforms) = postSolution
		{83E02958-3AA2-4894-A9A6-3EE26817F65C}.Debug|Any CPU.ActiveCfg = Debug|Any CPU
		{83E02958-3AA2-4894-A9A6-3EE26817F65C}.Debug|Any CPU.Build.0 = Debug|Any CPU
		{83E02958-3AA2-4894-A9A6-3EE26817F65C}.Release|Any CPU.ActiveCfg = Release|Any CPU
		{83E02958-3AA2-4894-A9A6-3EE26817F65C}.Release|Any CPU.Build.0 = Release|Any CPU
		{B7BC96C1-4F81-4AEA-A9F8-1539BD4BA00F}.Debug|Any CPU.ActiveCfg = Debug|Any CPU
		{B7BC96C1-4F81-4AEA-A9F8-1539BD4BA00F}.Debug|Any CPU.Build.0 = Debug|Any CPU
		{B7BC96C1-4F81-4AEA-A9F8-1539BD4BA00F}.Release|Any CPU.ActiveCfg = Release|Any CPU
		{B7BC96C1-4F81-4AEA-A9F8-1539BD4BA00F}.Release|Any CPU.Build.0 = Release|Any CPU
		{BF866CF3-E40B-43A8-970A-46F53CBAE151}.Debug|Any CPU.ActiveCfg = Debug|Any CPU
		{BF866CF3-E40B-43A8-970A-46F53CBAE151}.Debug|Any CPU.Build.0 = Debug|Any CPU
		{BF866CF3-E40B-43A8-970A-46F53CBAE151}.Release|Any CPU.ActiveCfg = Release|Any CPU
		{BF866CF3-E40B-43A8-970A-46F53CBAE151}.Release|Any CPU.Build.0 = Release|Any CPU
		{0561D8B7-05A9-4D8C-8A1C-A37E26DD360B}.Debug|Any CPU.ActiveCfg = Debug|Any CPU
		{0561D8B7-05A9-4D8C-8A1C-A37E26DD360B}.Debug|Any CPU.Build.0 = Debug|Any CPU
		{0561D8B7-05A9-4D8C-8A1C-A37E26DD360B}.Release|Any CPU.ActiveCfg = Release|Any CPU
		{0561D8B7-05A9-4D8C-8A1C-A37E26DD360B}.Release|Any CPU.Build.0 = Release|Any CPU
	EndGlobalSection
EndGlobal
